
Microsoft Visual Studio Solution File, Format Version 12.00
# Visual Studio Version 17
VisualStudioVersion = 17.5.002.0
MinimumVisualStudioVersion = 10.0.40219.1
Project("{9A19103F-16F7-4668-BE54-9A1E7A4F7556}") = "api-main", "api-main.csproj", "{DF767716-2ADD-4868-930F-88AB72BF1A43}"
EndProject
Global
	GlobalSection(SolutionConfigurationPlatforms) = preSolution
		Debug|Any CPU = Debug|Any CPU
		Release|Any CPU = Release|Any CPU
	EndGlobalSection
	GlobalSection(ProjectConfigurationPlatforms) = postSolution
		{DF767716-2ADD-4868-930F-88AB72BF1A43}.Debug|Any CPU.ActiveCfg = Debug|Any CPU
		{DF767716-2ADD-4868-930F-88AB72BF1A43}.Debug|Any CPU.Build.0 = Debug|Any CPU
		{DF767716-2ADD-4868-930F-88AB72BF1A43}.Release|Any CPU.ActiveCfg = Release|Any CPU
		{DF767716-2ADD-4868-930F-88AB72BF1A43}.Release|Any CPU.Build.0 = Release|Any CPU
	EndGlobalSection
	GlobalSection(SolutionProperties) = preSolution
		HideSolutionNode = FALSE
	EndGlobalSection
	GlobalSection(ExtensibilityGlobals) = postSolution
		SolutionGuid = {895023C9-E1D9-47F0-931C-15E596EE64DE}
	EndGlobalSection
EndGlobal
